
Microsoft Visual Studio Solution File, Format Version 12.00
# Visual Studio Version 17
VisualStudioVersion = 17.11.35312.102
MinimumVisualStudioVersion = 10.0.40219.1
Project("{888888A0-9F3D-457C-B088-3A5042F75D52}") = "Bluegill_Assignment10", "Bluegill_Assignment10\Bluegill_Assignment10.pyproj", "{AD6693F7-092D-494D-BF86-E3102B2C7DEE}"
EndProject
Global
	GlobalSection(SolutionConfigurationPlatforms) = preSolution
		Debug|Any CPU = Debug|Any CPU
		Release|Any CPU = Release|Any CPU
	EndGlobalSection
	GlobalSection(ProjectConfigurationPlatforms) = postSolution
		{AD6693F7-092D-494D-BF86-E3102B2C7DEE}.Debug|Any CPU.ActiveCfg = Debug|Any CPU
		{AD6693F7-092D-494D-BF86-E3102B2C7DEE}.Release|Any CPU.ActiveCfg = Release|Any CPU
	EndGlobalSection
	GlobalSection(SolutionProperties) = preSolution
		HideSolutionNode = FALSE
	EndGlobalSection
	GlobalSection(ExtensibilityGlobals) = postSolution
		SolutionGuid = {616F5046-F92A-467F-AA4A-B4CE064897CF}
	EndGlobalSection
EndGlobal
